
Microsoft Visual Studio Solution File, Format Version 12.00
# Visual Studio Version 16
VisualStudioVersion = 16.0.30907.101
MinimumVisualStudioVersion = 10.0.40219.1
Project("{FAE04EC0-301F-11D3-BF4B-00C04F79EFBC}") = "Hanna", "Hanna.csproj", "{337C4ED9-0035-4A39-92A2-4A7EB0199FB0}"
EndProject
Global
	GlobalSection(SolutionConfigurationPlatforms) = preSolution
		Debug|Any CPU = Debug|Any CPU
		Release|Any CPU = Release|Any CPU
	EndGlobalSection
	GlobalSection(ProjectConfigurationPlatforms) = postSolution
		{337C4ED9-0035-4A39-92A2-4A7EB0199FB0}.Debug|Any CPU.ActiveCfg = Debug|Any CPU
		{337C4ED9-0035-4A39-92A2-4A7EB0199FB0}.Debug|Any CPU.Build.0 = Debug|Any CPU
		{337C4ED9-0035-4A39-92A2-4A7EB0199FB0}.Release|Any CPU.ActiveCfg = Release|Any CPU
		{337C4ED9-0035-4A39-92A2-4A7EB0199FB0}.Release|Any CPU.Build.0 = Release|Any CPU
	EndGlobalSection
	GlobalSection(SolutionProperties) = preSolution
		HideSolutionNode = FALSE
	EndGlobalSection
	GlobalSection(ExtensibilityGlobals) = postSolution
		SolutionGuid = {AEE59C43-D2C8-4205-AD60-0CFE3F83C2C3}
	EndGlobalSection
EndGlobal
